<?xml version="1.0" encoding="utf-8"?>
<Project ToolsVersion="4.0" xmlns="http://schemas.microsoft.com/developer/msbuild/2003">
  <ItemGroup>
    <Filter Include="Source Files">
      <UniqueIdentifier>{4FC737F1-C7A5-4376-A066-2A32D752A2FF}</UniqueIdentifier>
      <Extensions>cpp;c;cc;cxx;def;odl;idl;hpj;bat;asm;asmx</Extensions>
    </Filter>
    <Filter Include="Header Files">
      <UniqueIdentifier>{93995380-89BD-4b04-88EB-625FBE52EBFB}</UniqueIdentifier>
      <Extensions>h;hh;hpp;hxx;hm;inl;inc;ipp;xsd</Extensions>
    </Filter>
    <Filter Include="Resource Files">
      <UniqueIdentifier>{67DA6AB6-F800-4c08-8B7A-83BB121AAD01}</UniqueIdentifier>
      <Extensions>rc;ico;cur;bmp;dlg;rc2;rct;bin;rgs;gif;jpg;jpeg;jpe;resx;tiff;tif;png;wav;mfcribbon-ms</Extensions>
    </Filter>
    <Filter Include="Objects">
      <UniqueIdentifier>{4d6a80e8-1f47-4a77-940a-68fa5369e8e5}</UniqueIdentifier>
    </Filter>
    <Filter Include="GameControllers">
      <UniqueIdentifier>{d6b2a282-74e2-40d2-863f-cd1ac4433d0d}</UniqueIdentifier>
    </Filter>
    <Filter Include="Objects\Player_Bar">
      <UniqueIdentifier>{b7d59eb3-0915-49fe-a19e-dbd97db4454b}</UniqueIdentifier>
    </Filter>
    <Filter Include="Objects\Enemies">
      <UniqueIdentifier>{8f056b77-683d-490c-ab3b-262837d4f545}</UniqueIdentifier>
    </Filter>
    <Filter Include="Scenes">
      <UniqueIdentifier>{d3dc7036-01e8-4540-9aea-2252017d35be}</UniqueIdentifier>
    </Filter>
  </ItemGroup>
  <ItemGroup>
    <ClInclude Include="pch.h">
      <Filter>Header Files</Filter>
    </ClInclude>
    <ClInclude Include="Objects\GameObject.h">
      <Filter>Objects</Filter>
    </ClInclude>
    <ClInclude Include="Objects\RenderGameObject.h">
      <Filter>Objects</Filter>
    </ClInclude>
    <ClInclude Include="Objects\Player_Bar\Bar.h">
      <Filter>Objects\Player_Bar</Filter>
    </ClInclude>
    <ClInclude Include="Scenes\GameScene.h">
      <Filter>Scenes</Filter>
    </ClInclude>
    <ClInclude Include="Scenes\MenuScene.h">
      <Filter>Scenes</Filter>
    </ClInclude>
    <ClInclude Include="Scenes\Scene.h">
      <Filter>Scenes</Filter>
    </ClInclude>
    <ClInclude Include="Objects\Enemies\Army_Knife.h">
      <Filter>Objects\Enemies</Filter>
    </ClInclude>
    <ClInclude Include="Objects\Enemies\Army_Shotgun.h">
      <Filter>Objects\Enemies</Filter>
    </ClInclude>
    <ClInclude Include="Objects\Enemies\Bullet.h">
      <Filter>Objects\Enemies</Filter>
    </ClInclude>
    <ClInclude Include="Objects\Enemies\Lazer.h">
      <Filter>Objects\Enemies</Filter>
    </ClInclude>
    <ClInclude Include="GameControllers\Animation.h">
      <Filter>GameControllers</Filter>
    </ClInclude>
    <ClInclude Include="GameControllers\define.h">
      <Filter>GameControllers</Filter>
    </ClInclude>
    <ClInclude Include="GameControllers\GameGlobal.h">
      <Filter>GameControllers</Filter>
    </ClInclude>
    <ClInclude Include="GameControllers\GameMap.h">
      <Filter>GameControllers</Filter>
    </ClInclude>
    <ClInclude Include="GameControllers\GameTime.h">
      <Filter>GameControllers</Filter>
    </ClInclude>
    <ClInclude Include="GameControllers\Point.h">
      <Filter>GameControllers</Filter>
    </ClInclude>
    <ClInclude Include="GameControllers\ResourcesManager.h">
      <Filter>GameControllers</Filter>
    </ClInclude>
    <ClInclude Include="GameControllers\SceneManager.h">
      <Filter>GameControllers</Filter>
    </ClInclude>
    <ClInclude Include="GameControllers\SoundManager.h">
      <Filter>GameControllers</Filter>
    </ClInclude>
  </ItemGroup>
  <ItemGroup>
    <ClCompile Include="pch.cpp">
      <Filter>Source Files</Filter>
    </ClCompile>
    <ClCompile Include="Objects\RenderGameObject.cpp">
      <Filter>Objects</Filter>
    </ClCompile>
    <ClCompile Include="Objects\Player_Bar\Bar.cpp">
      <Filter>Objects\Player_Bar</Filter>
    </ClCompile>
    <ClCompile Include="Scenes\GameScene.cpp">
      <Filter>Scenes</Filter>
    </ClCompile>
    <ClCompile Include="Scenes\MenuScene.cpp">
      <Filter>Scenes</Filter>
    </ClCompile>
    <ClCompile Include="Scenes\Scene.cpp">
      <Filter>Scenes</Filter>
    </ClCompile>
    <ClCompile Include="Objects\Enemies\Army_Knife.cpp">
      <Filter>Objects\Enemies</Filter>
    </ClCompile>
    <ClCompile Include="Objects\Enemies\Army_Shotgun.cpp">
      <Filter>Objects\Enemies</Filter>
    </ClCompile>
    <ClCompile Include="Objects\Enemies\Bullet.cpp">
      <Filter>Objects\Enemies</Filter>
    </ClCompile>
    <ClCompile Include="Objects\Enemies\Lazer.cpp">
      <Filter>Objects\Enemies</Filter>
    </ClCompile>
    <ClCompile Include="GameControllers\Animation.cpp">
      <Filter>GameControllers</Filter>
    </ClCompile>
    <ClCompile Include="GameControllers\GameGlobal.cpp">
      <Filter>GameControllers</Filter>
    </ClCompile>
    <ClCompile Include="GameControllers\GameMap.cpp">
      <Filter>GameControllers</Filter>
    </ClCompile>
    <ClCompile Include="GameControllers\GameTime.cpp">
      <Filter>GameControllers</Filter>
    </ClCompile>
    <ClCompile Include="GameControllers\Point.cpp">
      <Filter>GameControllers</Filter>
    </ClCompile>
    <ClCompile Include="GameControllers\ResourcesManager.cpp">
      <Filter>GameControllers</Filter>
    </ClCompile>
    <ClCompile Include="GameControllers\SceneManager.cpp">
      <Filter>GameControllers</Filter>
    </ClCompile>
    <ClCompile Include="GameControllers\SoundManager.cpp">
      <Filter>GameControllers</Filter>
    </ClCompile>
    <ClCompile Include="StopTheWar.cpp">
      <Filter>Resource Files</Filter>
    </ClCompile>
  </ItemGroup>
</Project>